
Microsoft Visual Studio Solution File, Format Version 12.00
# Visual Studio Version 17
VisualStudioVersion = 17.5.33312.197
MinimumVisualStudioVersion = 10.0.40219.1
Project("{9A19103F-16F7-4668-BE54-9A1E7A4F7556}") = "NHMonitor.Probe", "NHMonitor.Probe\NHMonitor.Probe.csproj", "{3746F7F7-A5D6-4A57-B09A-1CCD2EAA360F}"
EndProject
Project("{FAE04EC0-301F-11D3-BF4B-00C04F79EFBC}") = "NHMonitor.Test", "NHMonitor.Test\NHMonitor.Test.csproj", "{AC11336B-A71D-463D-9467-9E3F0D66D8CD}"
EndProject
Project("{FAE04EC0-301F-11D3-BF4B-00C04F79EFBC}") = "NHMonitor.Receiver", "NHMonitor.Receiver\NHMonitor.Receiver.csproj", "{46BE0BB9-5457-4E19-B35B-B42FF57E4AFA}"
EndProject
Global
	GlobalSection(SolutionConfigurationPlatforms) = preSolution
		Debug|Any CPU = Debug|Any CPU
		Release|Any CPU = Release|Any CPU
	EndGlobalSection
	GlobalSection(ProjectConfigurationPlatforms) = postSolution
		{3746F7F7-A5D6-4A57-B09A-1CCD2EAA360F}.Debug|Any CPU.ActiveCfg = Debug|Any CPU
		{3746F7F7-A5D6-4A57-B09A-1CCD2EAA360F}.Debug|Any CPU.Build.0 = Debug|Any CPU
		{3746F7F7-A5D6-4A57-B09A-1CCD2EAA360F}.Release|Any CPU.ActiveCfg = Release|Any CPU
		{3746F7F7-A5D6-4A57-B09A-1CCD2EAA360F}.Release|Any CPU.Build.0 = Release|Any CPU
		{AC11336B-A71D-463D-9467-9E3F0D66D8CD}.Debug|Any CPU.ActiveCfg = Debug|Any CPU
		{AC11336B-A71D-463D-9467-9E3F0D66D8CD}.Debug|Any CPU.Build.0 = Debug|Any CPU
		{AC11336B-A71D-463D-9467-9E3F0D66D8CD}.Release|Any CPU.ActiveCfg = Release|Any CPU
		{AC11336B-A71D-463D-9467-9E3F0D66D8CD}.Release|Any CPU.Build.0 = Release|Any CPU
		{46BE0BB9-5457-4E19-B35B-B42FF57E4AFA}.Debug|Any CPU.ActiveCfg = Debug|Any CPU
		{46BE0BB9-5457-4E19-B35B-B42FF57E4AFA}.Debug|Any CPU.Build.0 = Debug|Any CPU
		{46BE0BB9-5457-4E19-B35B-B42FF57E4AFA}.Release|Any CPU.ActiveCfg = Release|Any CPU
		{46BE0BB9-5457-4E19-B35B-B42FF57E4AFA}.Release|Any CPU.Build.0 = Release|Any CPU
	EndGlobalSection
	GlobalSection(SolutionProperties) = preSolution
		HideSolutionNode = FALSE
	EndGlobalSection
	GlobalSection(ExtensibilityGlobals) = postSolution
		SolutionGuid = {AD8C86AD-EA48-4611-9459-A436E84A3688}
	EndGlobalSection
EndGlobal
